// !$*UTF8*$!
{
	archiveVersion = 1;
	classes = {
	};
	objectVersion = 46;
	objects = {

/* Begin PBXBuildFile section */
		663A3FE31DE47BC400A3AA04 /* main.m in Sources */ = {isa = PBXBuildFile; fileRef = 663A3FE21DE47BC400A3AA04 /* main.m */; };
		663A3FE61DE47BC400A3AA04 /* AppDelegate.m in Sources */ = {isa = PBXBuildFile; fileRef = 663A3FE51DE47BC400A3AA04 /* AppDelegate.m */; };
		663A3FEC1DE47BC400A3AA04 /* Main.storyboard in Resources */ = {isa = PBXBuildFile; fileRef = 663A3FEA1DE47BC400A3AA04 /* Main.storyboard */; };
		663A3FEE1DE47BC400A3AA04 /* Assets.xcassets in Resources */ = {isa = PBXBuildFile; fileRef = 663A3FED1DE47BC400A3AA04 /* Assets.xcassets */; };
		663A3FF11DE47BC400A3AA04 /* LaunchScreen.storyboard in Resources */ = {isa = PBXBuildFile; fileRef = 663A3FEF1DE47BC400A3AA04 /* LaunchScreen.storyboard */; };
		663A3FFB1DE47E3D00A3AA04 /* ViewController.m in Sources */ = {isa = PBXBuildFile; fileRef = 663A3FFA1DE47E3D00A3AA04 /* ViewController.m */; };
		663A3FFE1DE47E5900A3AA04 /* GViewController.m in Sources */ = {isa = PBXBuildFile; fileRef = 663A3FFD1DE47E5900A3AA04 /* GViewController.m */; };
		663A40011DE47E7000A3AA04 /* GCViewController.m in Sources */ = {isa = PBXBuildFile; fileRef = 663A40001DE47E7000A3AA04 /* GCViewController.m */; };
		663A40041DE47EA000A3AA04 /* GAViewController.m in Sources */ = {isa = PBXBuildFile; fileRef = 663A40031DE47EA000A3AA04 /* GAViewController.m */; };
		663A40071DE47EB500A3AA04 /* GPViewController.m in Sources */ = {isa = PBXBuildFile; fileRef = 663A40061DE47EB500A3AA04 /* GPViewController.m */; };
		663A400A1DE47EFB00A3AA04 /* GSViewController.m in Sources */ = {isa = PBXBuildFile; fileRef = 663A40091DE47EFB00A3AA04 /* GSViewController.m */; };
		663A40101DE535AE00A3AA04 /* GravityAndSnapBehavior.m in Sources */ = {isa = PBXBuildFile; fileRef = 663A400F1DE535AE00A3AA04 /* GravityAndSnapBehavior.m */; };
/* End PBXBuildFile section */

/* Begin PBXFileReference section */
		663A3FDE1DE47BC400A3AA04 /* UIKitDynamicsDemo.app */ = {isa = PBXFileReference; explicitFileType = wrapper.application; includeInIndex = 0; path = UIKitDynamicsDemo.app; sourceTree = BUILT_PRODUCTS_DIR; };
		663A3FE21DE47BC400A3AA04 /* main.m */ = {isa = PBXFileReference; lastKnownFileType = sourcecode.c.objc; path = main.m; sourceTree = "<group>"; };
		663A3FE41DE47BC400A3AA04 /* AppDelegate.h */ = {isa = PBXFileReference; lastKnownFileType = sourcecode.c.h; path = AppDelegate.h; sourceTree = "<group>"; };
		663A3FE51DE47BC400A3AA04 /* AppDelegate.m */ = {isa = PBXFileReference; lastKnownFileType = sourcecode.c.objc; path = AppDelegate.m; sourceTree = "<group>"; };
		663A3FEB1DE47BC400A3AA04 /* Base */ = {isa = PBXFileReference; lastKnownFileType = file.storyboard; name = Base; path = Base.lproj/Main.storyboard; sourceTree = "<group>"; };
		663A3FED1DE47BC400A3AA04 /* Assets.xcassets */ = {isa = PBXFileReference; lastKnownFileType = folder.assetcatalog; path = Assets.xcassets; sourceTree = "<group>"; };
		663A3FF01DE47BC400A3AA04 /* Base */ = {isa = PBXFileReference; lastKnownFileType = file.storyboard; name = Base; path = Base.lproj/LaunchScreen.storyboard; sourceTree = "<group>"; };
		663A3FF21DE47BC400A3AA04 /* Info.plist */ = {isa = PBXFileReference; lastKnownFileType = text.plist.xml; path = Info.plist; sourceTree = "<group>"; };
		663A3FF91DE47E3D00A3AA04 /* ViewController.h */ = {isa = PBXFileReference; fileEncoding = 4; lastKnownFileType = sourcecode.c.h; path = ViewController.h; sourceTree = "<group>"; };
		663A3FFA1DE47E3D00A3AA04 /* ViewController.m */ = {isa = PBXFileReference; fileEncoding = 4; lastKnownFileType = sourcecode.c.objc; path = ViewController.m; sourceTree = "<group>"; };
		663A3FFC1DE47E5900A3AA04 /* GViewController.h */ = {isa = PBXFileReference; fileEncoding = 4; lastKnownFileType = sourcecode.c.h; path = GViewController.h; sourceTree = "<group>"; };
		663A3FFD1DE47E5900A3AA04 /* GViewController.m */ = {isa = PBXFileReference; fileEncoding = 4; lastKnownFileType = sourcecode.c.objc; path = GViewController.m; sourceTree = "<group>"; };
		663A3FFF1DE47E7000A3AA04 /* GCViewController.h */ = {isa = PBXFileReference; fileEncoding = 4; lastKnownFileType = sourcecode.c.h; path = GCViewController.h; sourceTree = "<group>"; };
		663A40001DE47E7000A3AA04 /* GCViewController.m */ = {isa = PBXFileReference; fileEncoding = 4; lastKnownFileType = sourcecode.c.objc; path = GCViewController.m; sourceTree = "<group>"; };
		663A40021DE47EA000A3AA04 /* GAViewController.h */ = {isa = PBXFileReference; fileEncoding = 4; lastKnownFileType = sourcecode.c.h; path = GAViewController.h; sourceTree = "<group>"; };
		663A40031DE47EA000A3AA04 /* GAViewController.m */ = {isa = PBXFileReference; fileEncoding = 4; lastKnownFileType = sourcecode.c.objc; path = GAViewController.m; sourceTree = "<group>"; };
		663A40051DE47EB500A3AA04 /* GPViewController.h */ = {isa = PBXFileReference; fileEncoding = 4; lastKnownFileType = sourcecode.c.h; path = GPViewController.h; sourceTree = "<group>"; };
		663A40061DE47EB500A3AA04 /* GPViewController.m */ = {isa = PBXFileReference; fileEncoding = 4; lastKnownFileType = sourcecode.c.objc; path = GPViewController.m; sourceTree = "<group>"; };
		663A40081DE47EFB00A3AA04 /* GSViewController.h */ = {isa = PBXFileReference; fileEncoding = 4; lastKnownFileType = sourcecode.c.h; path = GSViewController.h; sourceTree = "<group>"; };
		663A40091DE47EFB00A3AA04 /* GSViewController.m */ = {isa = PBXFileReference; fileEncoding = 4; lastKnownFileType = sourcecode.c.objc; path = GSViewController.m; sourceTree = "<group>"; };
		663A400E1DE535AE00A3AA04 /* GravityAndSnapBehavior.h */ = {isa = PBXFileReference; fileEncoding = 4; lastKnownFileType = sourcecode.c.h; path = GravityAndSnapBehavior.h; sourceTree = "<group>"; };
		663A400F1DE535AE00A3AA04 /* GravityAndSnapBehavior.m */ = {isa = PBXFileReference; fileEncoding = 4; lastKnownFileType = sourcecode.c.objc; path = GravityAndSnapBehavior.m; sourceTree = "<group>"; };
/* End PBXFileReference section */

/* Begin PBXFrameworksBuildPhase section */
		663A3FDB1DE47BC400A3AA04 /* Frameworks */ = {
			isa = PBXFrameworksBuildPhase;
			buildActionMask = 2147483647;
			files = (
			);
			runOnlyForDeploymentPostprocessing = 0;
		};
/* End PBXFrameworksBuildPhase section */

/* Begin PBXGroup section */
		663A3FD51DE47BC400A3AA04 = {
			isa = PBXGroup;
			children = (
				663A3FE01DE47BC400A3AA04 /* UIKitDynamicsDemo */,
				663A3FDF1DE47BC400A3AA04 /* Products */,
			);
			sourceTree = "<group>";
		};
		663A3FDF1DE47BC400A3AA04 /* Products */ = {
			isa = PBXGroup;
			children = (
				663A3FDE1DE47BC400A3AA04 /* UIKitDynamicsDemo.app */,
			);
			name = Products;
			sourceTree = "<group>";
		};
		663A3FE01DE47BC400A3AA04 /* UIKitDynamicsDemo */ = {
			isa = PBXGroup;
			children = (
				663A3FE41DE47BC400A3AA04 /* AppDelegate.h */,
				663A3FE51DE47BC400A3AA04 /* AppDelegate.m */,
				663A3FF81DE47E3D00A3AA04 /* viewcontroller */,
				663A400E1DE535AE00A3AA04 /* GravityAndSnapBehavior.h */,
				663A400F1DE535AE00A3AA04 /* GravityAndSnapBehavior.m */,
				663A3FEA1DE47BC400A3AA04 /* Main.storyboard */,
				663A3FED1DE47BC400A3AA04 /* Assets.xcassets */,
				663A3FEF1DE47BC400A3AA04 /* LaunchScreen.storyboard */,
				663A3FF21DE47BC400A3AA04 /* Info.plist */,
				663A3FE11DE47BC400A3AA04 /* Supporting Files */,
			);
			path = UIKitDynamicsDemo;
			sourceTree = "<group>";
		};
		663A3FE11DE47BC400A3AA04 /* Supporting Files */ = {
			isa = PBXGroup;
			children = (
				663A3FE21DE47BC400A3AA04 /* main.m */,
			);
			name = "Supporting Files";
			sourceTree = "<group>";
		};
		663A3FF81DE47E3D00A3AA04 /* viewcontroller */ = {
			isa = PBXGroup;
			children = (
				663A3FF91DE47E3D00A3AA04 /* ViewController.h */,
				663A3FFA1DE47E3D00A3AA04 /* ViewController.m */,
				663A3FFC1DE47E5900A3AA04 /* GViewController.h */,
				663A3FFD1DE47E5900A3AA04 /* GViewController.m */,
				663A3FFF1DE47E7000A3AA04 /* GCViewController.h */,
				663A40001DE47E7000A3AA04 /* GCViewController.m */,
				663A40021DE47EA000A3AA04 /* GAViewController.h */,
				663A40031DE47EA000A3AA04 /* GAViewController.m */,
				663A40051DE47EB500A3AA04 /* GPViewController.h */,
				663A40061DE47EB500A3AA04 /* GPViewController.m */,
				663A40081DE47EFB00A3AA04 /* GSViewController.h */,
				663A40091DE47EFB00A3AA04 /* GSViewController.m */,
			);
			path = viewcontroller;
			sourceTree = "<group>";
		};
/* End PBXGroup section */

/* Begin PBXNativeTarget section */
		663A3FDD1DE47BC400A3AA04 /* UIKitDynamicsDemo */ = {
			isa = PBXNativeTarget;
			buildConfigurationList = 663A3FF51DE47BC400A3AA04 /* Build configuration list for PBXNativeTarget "UIKitDynamicsDemo" */;
			buildPhases = (
				663A3FDA1DE47BC400A3AA04 /* Sources */,
				663A3FDB1DE47BC400A3AA04 /* Frameworks */,
				663A3FDC1DE47BC400A3AA04 /* Resources */,
			);
			buildRules = (
			);
			dependencies = (
			);
			name = UIKitDynamicsDemo;
			productName = UIKitDynamicsDemo;
			productReference = 663A3FDE1DE47BC400A3AA04 /* UIKitDynamicsDemo.app */;
			productType = "com.apple.product-type.application";
		};
/* End PBXNativeTarget section */

/* Begin PBXProject section */
		663A3FD61DE47BC400A3AA04 /* Project object */ = {
			isa = PBXProject;
			attributes = {
				LastUpgradeCheck = 0810;
				ORGANIZATIONNAME = liyy;
				TargetAttributes = {
					663A3FDD1DE47BC400A3AA04 = {
						CreatedOnToolsVersion = 8.1;
						DevelopmentTeam = 2LTL7JD237;
						ProvisioningStyle = Automatic;
					};
				};
			};
			buildConfigurationList = 663A3FD91DE47BC400A3AA04 /* Build configuration list for PBXProject "UIKitDynamicsDemo" */;
			compatibilityVersion = "Xcode 3.2";
			developmentRegion = English;
			hasScannedForEncodings = 0;
			knownRegions = (
				en,
				Base,
			);
			mainGroup = 663A3FD51DE47BC400A3AA04;
			productRefGroup = 663A3FDF1DE47BC400A3AA04 /* Products */;
			projectDirPath = "";
			projectRoot = "";
			targets = (
				663A3FDD1DE47BC400A3AA04 /* UIKitDynamicsDemo */,
			);
		};
/* End PBXProject section */

/* Begin PBXResourcesBuildPhase section */
		663A3FDC1DE47BC400A3AA04 /* Resources */ = {
			isa = PBXResourcesBuildPhase;
			buildActionMask = 2147483647;
			files = (
				663A3FF11DE47BC400A3AA04 /* LaunchScreen.storyboard in Resources */,
				663A3FEE1DE47BC400A3AA04 /* Assets.xcassets in Resources */,
				663A3FEC1DE47BC400A3AA04 /* Main.storyboard in Resources */,
			);
			runOnlyForDeploymentPostprocessing = 0;
		};
/* End PBXResourcesBuildPhase section */

/* Begin PBXSourcesBuildPhase section */
		663A3FDA1DE47BC400A3AA04 /* Sources */ = {
			isa = PBXSourcesBuildPhase;
			buildActionMask = 2147483647;
			files = (
				663A3FE61DE47BC400A3AA04 /* AppDelegate.m in Sources */,
				663A3FFB1DE47E3D00A3AA04 /* ViewController.m in Sources */,
				663A40101DE535AE00A3AA04 /* GravityAndSnapBehavior.m in Sources */,
				663A40011DE47E7000A3AA04 /* GCViewController.m in Sources */,
				663A3FFE1DE47E5900A3AA04 /* GViewController.m in Sources */,
				663A40041DE47EA000A3AA04 /* GAViewController.m in Sources */,
				663A40071DE47EB500A3AA04 /* GPViewController.m in Sources */,
				663A400A1DE47EFB00A3AA04 /* GSViewController.m in Sources */,
				663A3FE31DE47BC400A3AA04 /* main.m in Sources */,
			);
			runOnlyForDeploymentPostprocessing = 0;
		};
/* End PBXSourcesBuildPhase section */

/* Begin PBXVariantGroup section */
		663A3FEA1DE47BC400A3AA04 /* Main.storyboard */ = {
			isa = PBXVariantGroup;
			children = (
				663A3FEB1DE47BC400A3AA04 /* Base */,
			);
			name = Main.storyboard;
			sourceTree = "<group>";
		};
		663A3FEF1DE47BC400A3AA04 /* LaunchScreen.storyboard */ = {
			isa = PBXVariantGroup;
			children = (
				663A3FF01DE47BC400A3AA04 /* Base */,
			);
			name = LaunchScreen.storyboard;
			sourceTree = "<group>";
		};
/* End PBXVariantGroup section */

/* Begin XCBuildConfiguration section */
		663A3FF31DE47BC400A3AA04 /* Debug */ = {
			isa = XCBuildConfiguration;
			buildSettings = {
				ALWAYS_SEARCH_USER_PATHS = NO;
				CLANG_ANALYZER_NONNULL = YES;
				CLANG_CXX_LANGUAGE_STANDARD = "gnu++0x";
				CLANG_CXX_LIBRARY = "libc++";
				CLANG_ENABLE_MODULES = YES;
				CLANG_ENABLE_OBJC_ARC = YES;
				CLANG_WARN_BOOL_CONVERSION = YES;
				CLANG_WARN_CONSTANT_CONVERSION = YES;
				CLANG_WARN_DIRECT_OBJC_ISA_USAGE = YES_ERROR;
				CLANG_WARN_DOCUMENTATION_COMMENTS = YES;
				CLANG_WARN_EMPTY_BODY = YES;
				CLANG_WARN_ENUM_CONVERSION = YES;
				CLANG_WARN_INFINITE_RECURSION = YES;
				CLANG_WARN_INT_CONVERSION = YES;
				CLANG_WARN_OBJC_ROOT_CLASS = YES_ERROR;
				CLANG_WARN_SUSPICIOUS_MOVES = YES;
				CLANG_WARN_UNREACHABLE_CODE = YES;
				CLANG_WARN__DUPLICATE_METHOD_MATCH = YES;
				"CODE_SIGN_IDENTITY[sdk=iphoneos*]" = "iPhone Developer";
				COPY_PHASE_STRIP = NO;
				DEBUG_INFORMATION_FORMAT = dwarf;
				ENABLE_STRICT_OBJC_MSGSEND = YES;
				ENABLE_TESTABILITY = YES;
				GCC_C_LANGUAGE_STANDARD = gnu99;
				GCC_DYNAMIC_NO_PIC = NO;
				GCC_NO_COMMON_BLOCKS = YES;
				GCC_OPTIMIZATION_LEVEL = 0;
				GCC_PREPROCESSOR_DEFINITIONS = (
					"DEBUG=1",
					"$(inherited)",
				);
				GCC_WARN_64_TO_32_BIT_CONVERSION = YES;
				GCC_WARN_ABOUT_RETURN_TYPE = YES_ERROR;
				GCC_WARN_UNDECLARED_SELECTOR = YES;
				GCC_WARN_UNINITIALIZED_AUTOS = YES_AGGRESSIVE;
				GCC_WARN_UNUSED_FUNCTION = YES;
				GCC_WARN_UNUSED_VARIABLE = YES;
				IPHONEOS_DEPLOYMENT_TARGET = 10.1;
				MTL_ENABLE_DEBUG_INFO = YES;
				ONLY_ACTIVE_ARCH = YES;
				SDKROOT = iphoneos;
			};
			name = Debug;
		};
		663A3FF41DE47BC400A3AA04 /* Release */ = {
			isa = XCBuildConfiguration;
			buildSettings = {
				ALWAYS_SEARCH_USER_PATHS = NO;
				CLANG_ANALYZER_NONNULL = YES;
				CLANG_CXX_LANGUAGE_STANDARD = "gnu++0x";
				CLANG_CXX_LIBRARY = "libc++";
				CLANG_ENABLE_MODULES = YES;
				CLANG_ENABLE_OBJC_ARC = YES;
				CLANG_WARN_BOOL_CONVERSION = YES;
				CLANG_WARN_CONSTANT_CONVERSION = YES;
				CLANG_WARN_DIRECT_OBJC_ISA_USAGE = YES_ERROR;
				CLANG_WARN_DOCUMENTATION_COMMENTS = YES;
				CLANG_WARN_EMPTY_BODY = YES;
				CLANG_WARN_ENUM_CONVERSION = YES;
				CLANG_WARN_INFINITE_RECURSION = YES;
				CLANG_WARN_INT_CONVERSION = YES;
				CLANG_WARN_OBJC_ROOT_CLASS = YES_ERROR;
				CLANG_WARN_SUSPICIOUS_MOVES = YES;
				CLANG_WARN_UNREACHABLE_CODE = YES;
				CLANG_WARN__DUPLICATE_METHOD_MATCH = YES;
				"CODE_SIGN_IDENTITY[sdk=iphoneos*]" = "iPhone Developer";
				COPY_PHASE_STRIP = NO;
				DEBUG_INFORMATION_FORMAT = "dwarf-with-dsym";
				ENABLE_NS_ASSERTIONS = NO;
				ENABLE_STRICT_OBJC_MSGSEND = YES;
				GCC_C_LANGUAGE_STANDARD = gnu99;
				GCC_NO_COMMON_BLOCKS = YES;
				GCC_WARN_64_TO_32_BIT_CONVERSION = YES;
				GCC_WARN_ABOUT_RETURN_TYPE = YES_ERROR;
				GCC_WARN_UNDECLARED_SELECTOR = YES;
				GCC_WARN_UNINITIALIZED_AUTOS = YES_AGGRESSIVE;
				GCC_WARN_UNUSED_FUNCTION = YES;
				GCC_WARN_UNUSED_VARIABLE = YES;
				IPHONEOS_DEPLOYMENT_TARGET = 10.1;
				MTL_ENABLE_DEBUG_INFO = NO;
				SDKROOT = iphoneos;
				VALIDATE_PRODUCT = YES;
			};
			name = Release;
		};
		663A3FF61DE47BC400A3AA04 /* Debug */ = {
			isa = XCBuildConfiguration;
			buildSettings = {
				ASSETCATALOG_COMPILER_APPICON_NAME = AppIcon;
				DEVELOPMENT_TEAM = 2LTL7JD237;
				INFOPLIST_FILE = UIKitDynamicsDemo/Info.plist;
				LD_RUNPATH_SEARCH_PATHS = "$(inherited) @executable_path/Frameworks";
				PRODUCT_BUNDLE_IDENTIFIER = cn.liyy.animation.UIKitDynamicsDemo;
				PRODUCT_NAME = "$(TARGET_NAME)";
			};
			name = Debug;
		};
		663A3FF71DE47BC400A3AA04 /* Release */ = {
			isa = XCBuildConfiguration;
			buildSettings = {
				ASSETCATALOG_COMPILER_APPICON_NAME = AppIcon;
				DEVELOPMENT_TEAM = 2LTL7JD237;
				INFOPLIST_FILE = UIKitDynamicsDemo/Info.plist;
				LD_RUNPATH_SEARCH_PATHS = "$(inherited) @executable_path/Frameworks";
				PRODUCT_BUNDLE_IDENTIFIER = cn.liyy.animation.UIKitDynamicsDemo;
				PRODUCT_NAME = "$(TARGET_NAME)";
			};
			name = Release;
		};
/* End XCBuildConfiguration section */

/* Begin XCConfigurationList section */
		663A3FD91DE47BC400A3AA04 /* Build configuration list for PBXProject "UIKitDynamicsDemo" */ = {
			isa = XCConfigurationList;
			buildConfigurations = (
				663A3FF31DE47BC400A3AA04 /* Debug */,
				663A3FF41DE47BC400A3AA04 /* Release */,
			);
			defaultConfigurationIsVisible = 0;
			defaultConfigurationName = Release;
		};
		663A3FF51DE47BC400A3AA04 /* Build configuration list for PBXNativeTarget "UIKitDynamicsDemo" */ = {
			isa = XCConfigurationList;
			buildConfigurations = (
				663A3FF61DE47BC400A3AA04 /* Debug */,
				663A3FF71DE47BC400A3AA04 /* Release */,
			);
			defaultConfigurationIsVisible = 0;
			defaultConfigurationName = Release;
		};
/* End XCConfigurationList section */
	};
	rootObject = 663A3FD61DE47BC400A3AA04 /* Project object */;
}
